{
    "_meta": {
        "hash": {
            "sha256": "931fde069ab98570cbd188a500da3e8777123e309e894b505771a192d1b88511"
        },
        "pipfile-spec": 6,
        "requires": {
            "python_full_version": "3.9.18",
            "python_version": "3.9"
        },
        "sources": [
            {
                "name": "pypi",
                "url": "https://pypi.org/simple",
                "verify_ssl": true
            }
        ]
    },
    "default": {
        "python-dotenv": {
            "hashes": [
                "sha256:a8df96034aae6d2d50a4ebe8216326c61c3eb64836776504fcca410e5937a3ba",
                "sha256:f5971a9226b701070a4bf2c38c89e5a3f0d64de8debda981d1db98583009122a"
            ],
            "index": "pypi",
            "markers": "python_version >= '3.8'",
            "version": "==1.0.0"
        }
    },
    "develop": {}
}
